
Microsoft Visual Studio Solution File, Format Version 12.00
# Visual Studio 15
VisualStudioVersion = 15.0.28307.705
MinimumVisualStudioVersion = 10.0.40219.1
Project("{FAE04EC0-301F-11D3-BF4B-00C04F79EFBC}") = "Demo", "Demo\Demo.csproj", "{436340B3-FA12-4253-B2F0-05B2FB7F14CC}"
EndProject
Project("{FAE04EC0-301F-11D3-BF4B-00C04F79EFBC}") = "Demo.Api", "Demo.Api\Demo.Api.csproj", "{1403DDDA-429D-4480-8228-48A39A550DC8}"
EndProject
Global
	GlobalSection(SolutionConfigurationPlatforms) = preSolution
		Debug|Any CPU = Debug|Any CPU
		Release|Any CPU = Release|Any CPU
	EndGlobalSection
	GlobalSection(ProjectConfigurationPlatforms) = postSolution
		{436340B3-FA12-4253-B2F0-05B2FB7F14CC}.Debug|Any CPU.ActiveCfg = Debug|Any CPU
		{436340B3-FA12-4253-B2F0-05B2FB7F14CC}.Debug|Any CPU.Build.0 = Debug|Any CPU
		{436340B3-FA12-4253-B2F0-05B2FB7F14CC}.Release|Any CPU.ActiveCfg = Release|Any CPU
		{436340B3-FA12-4253-B2F0-05B2FB7F14CC}.Release|Any CPU.Build.0 = Release|Any CPU
		{1403DDDA-429D-4480-8228-48A39A550DC8}.Debug|Any CPU.ActiveCfg = Debug|Any CPU
		{1403DDDA-429D-4480-8228-48A39A550DC8}.Debug|Any CPU.Build.0 = Debug|Any CPU
		{1403DDDA-429D-4480-8228-48A39A550DC8}.Release|Any CPU.ActiveCfg = Release|Any CPU
		{1403DDDA-429D-4480-8228-48A39A550DC8}.Release|Any CPU.Build.0 = Release|Any CPU
	EndGlobalSection
	GlobalSection(SolutionProperties) = preSolution
		HideSolutionNode = FALSE
	EndGlobalSection
	GlobalSection(ExtensibilityGlobals) = postSolution
		SolutionGuid = {CB182CB1-CCEE-4323-86DD-22813B1012D2}
	EndGlobalSection
EndGlobal
